PODS:
  - AFNetworking (3.1.0):
    - AFNetworking/NSURLSession (= 3.1.0)
    - AFNetworking/Reachability (= 3.1.0)
    - AFNetworking/Security (= 3.1.0)
    - AFNetworking/Serialization (= 3.1.0)
    - AFNetworking/UIKit (= 3.1.0)
  - AFNetworking/NSURLSession (3.1.0):
    - AFNetworking/Reachability
    - AFNetworking/Security
    - AFNetworking/Serialization
  - AFNetworking/Reachability (3.1.0)
  - AFNetworking/Security (3.1.0)
  - AFNetworking/Serialization (3.1.0)
  - AFNetworking/UIKit (3.1.0):
    - AFNetworking/NSURLSession
  - CTMediator (0.0.3)
  - FMDB (2.6.2):
    - FMDB/standard (= 2.6.2)
  - FMDB/standard (2.6.2)
  - IQKeyboardManager (4.0.8)
  - Masonry (1.0.2)
  - MJExtension (3.0.13)
  - MJRefresh (3.1.12)
  - ReactiveCocoa (2.5):
    - ReactiveCocoa/UI (= 2.5)
  - ReactiveCocoa/Core (2.5):
    - ReactiveCocoa/no-arc
  - ReactiveCocoa/no-arc (2.5)
  - ReactiveCocoa/UI (2.5):
    - ReactiveCocoa/Core
  - SDWebImage (4.0.0):
    - SDWebImage/Core (= 4.0.0)
  - SDWebImage/Core (4.0.0)
  - TRZXDVSwitch (0.0.6)
  - TRZXKit (0.0.9)
  - TRZXLogin (0.0.2):
    - MJExtension
    - ReactiveCocoa (~> 2.5)
    - TRZXKit
    - TRZXNetwork
    - YTKKeyValueStore
  - TRZXNetwork (0.0.7):
    - AFNetworking
    - YYCache
  - YTKKeyValueStore (0.1.2):
    - FMDB (~> 2.0)
  - YYCache (1.0.4)

DEPENDENCIES:
  - CTMediator
  - IQKeyboardManager
  - Masonry
  - MJExtension
  - MJRefresh
  - SDWebImage
  - TRZXDVSwitch
  - TRZXKit
  - TRZXLogin
  - TRZXNetwork

SPEC CHECKSUMS:
  AFNetworking: 5e0e199f73d8626b11e79750991f5d173d1f8b67
  CTMediator: c9a1203561e2232cb9a72822659159a02ae3cf20
  FMDB: 854a0341b4726e53276f2a8996f06f1b80f9259a
  IQKeyboardManager: 1a8189fa153bf09044355ee0ad36826f6767e7f7
  Masonry: 7c429b56da9d4ee0bbb3ed77a5ea710d6a5df39e
  MJExtension: 5932755f451458eefa24239358817f8d291240c7
  MJRefresh: b96cdb21c4aa75a7b07654311ab2f315c497e806
  ReactiveCocoa: e2db045570aa97c695e7aa97c2bcab222ae51f4a
  SDWebImage: 76a6348bdc74eb5a55dd08a091ef298e56b55e41
  TRZXDVSwitch: 42ea134959131e7340eec0b363639af369880bd3
  TRZXKit: af6dc2bcca593585d079d59ca10c8912ddc81b56
  TRZXLogin: 1bd768836091bbdb3da4d4520c3bfb144e10e2b2
  TRZXNetwork: d6ce75a420218ed4b6b95f10220442f175947125
  YTKKeyValueStore: 4d002941540dd5108fa23009b71e0f2f937f7a0f
  YYCache: 8105b6638f5e849296c71f331ff83891a4942952

PODFILE CHECKSUM: e4f8fc3823797b42eb6508a1bd766167a61931f5

COCOAPODS: 1.2.0
